<?xml version="1.0" encoding="UTF-8" standalone="yes" ?>
<CodeBlocks_project_file>
	<FileVersion major="1" minor="6" />
	<Project>
		<Option title="CL_TP1" />
		<Option pch_mode="2" />
		<Option compiler="gcc" />
		<Build>
			<Target title="Release">
				<Option output="bin/Release/CL_TP1" prefix_auto="1" extension_auto="1" />
				<Option object_output="obj/Release/" />
				<Option type="1" />
				<Option compiler="gcc" />
				<Compiler>
					<Add option="-O2" />
					<Add directory="include" />
					<Add directory="include/Numbers" />
					<Add directory="include/Memory" />
					<Add directory="include/Booleans" />
					<Add directory="include/Functions" />
				</Compiler>
				<Linker>
					<Add option="-s" />
				</Linker>
			</Target>
		</Build>
		<Compiler>
			<Add option="-Wall" />
			<Add option="-fexceptions" />
		</Compiler>
		<Unit filename="include/Booleans/AND.h" />
		<Unit filename="include/Booleans/BinaryBooleanCondition.h" />
		<Unit filename="include/Booleans/BinaryNumberCondition.h" />
		<Unit filename="include/Booleans/Boolean.h" />
		<Unit filename="include/Booleans/BooleanCondition.h" />
		<Unit filename="include/Booleans/LessThanOrEqual.h" />
		<Unit filename="include/Booleans/NOT.h" />
		<Unit filename="include/Booleans/OR.h" />
		<Unit filename="include/Booleans/UnaryBooleanCondition.h" />
		<Unit filename="include/Classes.h" />
		<Unit filename="include/Expression.h" />
		<Unit filename="include/Factory.h" />
		<Unit filename="include/Functions/Argument.h" />
		<Unit filename="include/Functions/Function.h" />
		<Unit filename="include/Functions/GlobalFunctions.h" />
		<Unit filename="include/Functions/IfThenElse.h" />
		<Unit filename="include/Memory/Context.h" />
		<Unit filename="include/Memory/GlobalContext.h" />
		<Unit filename="include/Numbers/AbstractNumber.h" />
		<Unit filename="include/Numbers/Add.h" />
		<Unit filename="include/Numbers/Divide.h" />
		<Unit filename="include/Numbers/Modulo.h" />
		<Unit filename="include/Numbers/Number.h" />
		<Unit filename="include/Numbers/Operation.h" />
		<Unit filename="include/Numbers/Substract.h" />
		<Unit filename="include/Numbers/Time.h" />
		<Unit filename="include/Variable.h" />
		<Unit filename="main.cpp" />
		<Unit filename="src/Booleans/AND.cpp" />
		<Unit filename="src/Booleans/BinaryBooleanCondition.cpp" />
		<Unit filename="src/Booleans/BinaryNumberCondition.cpp" />
		<Unit filename="src/Booleans/Boolean.cpp" />
		<Unit filename="src/Booleans/BooleanCondition.cpp" />
		<Unit filename="src/Booleans/LessThanOrEqual.cpp" />
		<Unit filename="src/Booleans/NOT.cpp" />
		<Unit filename="src/Booleans/OR.cpp" />
		<Unit filename="src/Booleans/UnaryBooleanCondition.cpp" />
		<Unit filename="src/Expression.cpp" />
		<Unit filename="src/Factory.cpp" />
		<Unit filename="src/Functions/Argument.cpp" />
		<Unit filename="src/Functions/Function.cpp" />
		<Unit filename="src/Functions/GlobalFunctions.cpp" />
		<Unit filename="src/Functions/IfThenElse.cpp" />
		<Unit filename="src/Memory/Context.cpp" />
		<Unit filename="src/Memory/GlobalContext.cpp" />
		<Unit filename="src/Numbers/AbstractNumber.cpp" />
		<Unit filename="src/Numbers/Add.cpp" />
		<Unit filename="src/Numbers/Divide.cpp" />
		<Unit filename="src/Numbers/Modulo.cpp" />
		<Unit filename="src/Numbers/Number.cpp" />
		<Unit filename="src/Numbers/Operation.cpp" />
		<Unit filename="src/Numbers/Substract.cpp" />
		<Unit filename="src/Numbers/Time.cpp" />
		<Unit filename="src/Variable.cpp" />
		<Extensions>
			<code_completion />
			<envvars />
			<debugger />
			<lib_finder disable_auto="1" />
		</Extensions>
	</Project>
</CodeBlocks_project_file>
